// !$*UTF8*$!
{
	archiveVersion = 1;
	classes = {
	};
	objectVersion = 56;
	objects = {

/* Begin PBXBuildFile section */
		CE10E7E729FBA75400DB3B54 /* swiftUiIAPExampleApp.swift in Sources */ = {isa = PBXBuildFile; fileRef = CE10E7E629FBA75400DB3B54 /* swiftUiIAPExampleApp.swift */; };
		CE10E7E929FBA75400DB3B54 /* ContentView.swift in Sources */ = {isa = PBXBuildFile; fileRef = CE10E7E829FBA75400DB3B54 /* ContentView.swift */; };
		CE10E7EB29FBA75700DB3B54 /* Assets.xcassets in Resources */ = {isa = PBXBuildFile; fileRef = CE10E7EA29FBA75700DB3B54 /* Assets.xcassets */; };
		CE10E7EE29FBA75700DB3B54 /* Preview Assets.xcassets in Resources */ = {isa = PBXBuildFile; fileRef = CE10E7ED29FBA75700DB3B54 /* Preview Assets.xcassets */; };
		CE10E7F829FBA75800DB3B54 /* swiftUiIAPExampleTests.swift in Sources */ = {isa = PBXBuildFile; fileRef = CE10E7F729FBA75800DB3B54 /* swiftUiIAPExampleTests.swift */; };
		CE10E80229FBA75800DB3B54 /* swiftUiIAPExampleUITests.swift in Sources */ = {isa = PBXBuildFile; fileRef = CE10E80129FBA75800DB3B54 /* swiftUiIAPExampleUITests.swift */; };
		CE10E80429FBA75800DB3B54 /* swiftUiIAPExampleUITestsLaunchTests.swift in Sources */ = {isa = PBXBuildFile; fileRef = CE10E80329FBA75800DB3B54 /* swiftUiIAPExampleUITestsLaunchTests.swift */; };
		CE10E81329FBA94D00DB3B54 /* StoreVM.swift in Sources */ = {isa = PBXBuildFile; fileRef = CE10E81229FBA94D00DB3B54 /* StoreVM.swift */; };
		CE10E81529FBC69E00DB3B54 /* SubscriptionView.swift in Sources */ = {isa = PBXBuildFile; fileRef = CE10E81429FBC69E00DB3B54 /* SubscriptionView.swift */; };
/* End PBXBuildFile section */

/* Begin PBXContainerItemProxy section */
		CE10E7F429FBA75800DB3B54 /* PBXContainerItemProxy */ = {
			isa = PBXContainerItemProxy;
			containerPortal = CE10E7DB29FBA75400DB3B54 /* Project object */;
			proxyType = 1;
			remoteGlobalIDString = CE10E7E229FBA75400DB3B54;
			remoteInfo = swiftUiIAPExample;
		};
		CE10E7FE29FBA75800DB3B54 /* PBXContainerItemProxy */ = {
			isa = PBXContainerItemProxy;
			containerPortal = CE10E7DB29FBA75400DB3B54 /* Project object */;
			proxyType = 1;
			remoteGlobalIDString = CE10E7E229FBA75400DB3B54;
			remoteInfo = swiftUiIAPExample;
		};
/* End PBXContainerItemProxy section */

/* Begin PBXFileReference section */
		CE10E7E329FBA75400DB3B54 /* swiftUiIAPExample.app */ = {isa = PBXFileReference; explicitFileType = wrapper.application; includeInIndex = 0; path = swiftUiIAPExample.app; sourceTree = BUILT_PRODUCTS_DIR; };
		CE10E7E629FBA75400DB3B54 /* swiftUiIAPExampleApp.swift */ = {isa = PBXFileReference; lastKnownFileType = sourcecode.swift; path = swiftUiIAPExampleApp.swift; sourceTree = "<group>"; };
		CE10E7E829FBA75400DB3B54 /* ContentView.swift */ = {isa = PBXFileReference; lastKnownFileType = sourcecode.swift; path = ContentView.swift; sourceTree = "<group>"; };
		CE10E7EA29FBA75700DB3B54 /* Assets.xcassets */ = {isa = PBXFileReference; lastKnownFileType = folder.assetcatalog; path = Assets.xcassets; sourceTree = "<group>"; };
		CE10E7ED29FBA75700DB3B54 /* Preview Assets.xcassets */ = {isa = PBXFileReference; lastKnownFileType = folder.assetcatalog; path = "Preview Assets.xcassets"; sourceTree = "<group>"; };
		CE10E7F329FBA75800DB3B54 /* swiftUiIAPExampleTests.xctest */ = {isa = PBXFileReference; explicitFileType = wrapper.cfbundle; includeInIndex = 0; path = swiftUiIAPExampleTests.xctest; sourceTree = BUILT_PRODUCTS_DIR; };
		CE10E7F729FBA75800DB3B54 /* swiftUiIAPExampleTests.swift */ = {isa = PBXFileReference; lastKnownFileType = sourcecode.swift; path = swiftUiIAPExampleTests.swift; sourceTree = "<group>"; };
		CE10E7FD29FBA75800DB3B54 /* swiftUiIAPExampleUITests.xctest */ = {isa = PBXFileReference; explicitFileType = wrapper.cfbundle; includeInIndex = 0; path = swiftUiIAPExampleUITests.xctest; sourceTree = BUILT_PRODUCTS_DIR; };
		CE10E80129FBA75800DB3B54 /* swiftUiIAPExampleUITests.swift */ = {isa = PBXFileReference; lastKnownFileType = sourcecode.swift; path = swiftUiIAPExampleUITests.swift; sourceTree = "<group>"; };
		CE10E80329FBA75800DB3B54 /* swiftUiIAPExampleUITestsLaunchTests.swift */ = {isa = PBXFileReference; lastKnownFileType = sourcecode.swift; path = swiftUiIAPExampleUITestsLaunchTests.swift; sourceTree = "<group>"; };
		CE10E81029FBA7F800DB3B54 /* product.storekit */ = {isa = PBXFileReference; lastKnownFileType = text; path = product.storekit; sourceTree = "<group>"; };
		CE10E81229FBA94D00DB3B54 /* StoreVM.swift */ = {isa = PBXFileReference; lastKnownFileType = sourcecode.swift; path = StoreVM.swift; sourceTree = "<group>"; };
		CE10E81429FBC69E00DB3B54 /* SubscriptionView.swift */ = {isa = PBXFileReference; lastKnownFileType = sourcecode.swift; path = SubscriptionView.swift; sourceTree = "<group>"; };
/* End PBXFileReference section */

/* Begin PBXFrameworksBuildPhase section */
		CE10E7E029FBA75400DB3B54 /* Frameworks */ = {
			isa = PBXFrameworksBuildPhase;
			buildActionMask = 2147483647;
			files = (
			);
			runOnlyForDeploymentPostprocessing = 0;
		};
		CE10E7F029FBA75800DB3B54 /* Frameworks */ = {
			isa = PBXFrameworksBuildPhase;
			buildActionMask = 2147483647;
			files = (
			);
			runOnlyForDeploymentPostprocessing = 0;
		};
		CE10E7FA29FBA75800DB3B54 /* Frameworks */ = {
			isa = PBXFrameworksBuildPhase;
			buildActionMask = 2147483647;
			files = (
			);
			runOnlyForDeploymentPostprocessing = 0;
		};
/* End PBXFrameworksBuildPhase section */

/* Begin PBXGroup section */
		CE10E7DA29FBA75400DB3B54 = {
			isa = PBXGroup;
			children = (
				CE10E7E529FBA75400DB3B54 /* swiftUiIAPExample */,
				CE10E7F629FBA75800DB3B54 /* swiftUiIAPExampleTests */,
				CE10E80029FBA75800DB3B54 /* swiftUiIAPExampleUITests */,
				CE10E7E429FBA75400DB3B54 /* Products */,
			);
			sourceTree = "<group>";
		};
		CE10E7E429FBA75400DB3B54 /* Products */ = {
			isa = PBXGroup;
			children = (
				CE10E7E329FBA75400DB3B54 /* swiftUiIAPExample.app */,
				CE10E7F329FBA75800DB3B54 /* swiftUiIAPExampleTests.xctest */,
				CE10E7FD29FBA75800DB3B54 /* swiftUiIAPExampleUITests.xctest */,
			);
			name = Products;
			sourceTree = "<group>";
		};
		CE10E7E529FBA75400DB3B54 /* swiftUiIAPExample */ = {
			isa = PBXGroup;
			children = (
				CE10E7E629FBA75400DB3B54 /* swiftUiIAPExampleApp.swift */,
				CE10E7E829FBA75400DB3B54 /* ContentView.swift */,
				CE10E81229FBA94D00DB3B54 /* StoreVM.swift */,
				CE10E7EA29FBA75700DB3B54 /* Assets.xcassets */,
				CE10E7EC29FBA75700DB3B54 /* Preview Content */,
				CE10E81029FBA7F800DB3B54 /* product.storekit */,
				CE10E81429FBC69E00DB3B54 /* SubscriptionView.swift */,
			);
			path = swiftUiIAPExample;
			sourceTree = "<group>";
		};
		CE10E7EC29FBA75700DB3B54 /* Preview Content */ = {
			isa = PBXGroup;
			children = (
				CE10E7ED29FBA75700DB3B54 /* Preview Assets.xcassets */,
			);
			path = "Preview Content";
			sourceTree = "<group>";
		};
		CE10E7F629FBA75800DB3B54 /* swiftUiIAPExampleTests */ = {
			isa = PBXGroup;
			children = (
				CE10E7F729FBA75800DB3B54 /* swiftUiIAPExampleTests.swift */,
			);
			path = swiftUiIAPExampleTests;
			sourceTree = "<group>";
		};
		CE10E80029FBA75800DB3B54 /* swiftUiIAPExampleUITests */ = {
			isa = PBXGroup;
			children = (
				CE10E80129FBA75800DB3B54 /* swiftUiIAPExampleUITests.swift */,
				CE10E80329FBA75800DB3B54 /* swiftUiIAPExampleUITestsLaunchTests.swift */,
			);
			path = swiftUiIAPExampleUITests;
			sourceTree = "<group>";
		};
/* End PBXGroup section */

/* Begin PBXNativeTarget section */
		CE10E7E229FBA75400DB3B54 /* swiftUiIAPExample */ = {
			isa = PBXNativeTarget;
			buildConfigurationList = CE10E80729FBA75800DB3B54 /* Build configuration list for PBXNativeTarget "swiftUiIAPExample" */;
			buildPhases = (
				CE10E7DF29FBA75400DB3B54 /* Sources */,
				CE10E7E029FBA75400DB3B54 /* Frameworks */,
				CE10E7E129FBA75400DB3B54 /* Resources */,
			);
			buildRules = (
			);
			dependencies = (
			);
			name = swiftUiIAPExample;
			productName = swiftUiIAPExample;
			productReference = CE10E7E329FBA75400DB3B54 /* swiftUiIAPExample.app */;
			productType = "com.apple.product-type.application";
		};
		CE10E7F229FBA75800DB3B54 /* swiftUiIAPExampleTests */ = {
			isa = PBXNativeTarget;
			buildConfigurationList = CE10E80A29FBA75800DB3B54 /* Build configuration list for PBXNativeTarget "swiftUiIAPExampleTests" */;
			buildPhases = (
				CE10E7EF29FBA75800DB3B54 /* Sources */,
				CE10E7F029FBA75800DB3B54 /* Frameworks */,
				CE10E7F129FBA75800DB3B54 /* Resources */,
			);
			buildRules = (
			);
			dependencies = (
				CE10E7F529FBA75800DB3B54 /* PBXTargetDependency */,
			);
			name = swiftUiIAPExampleTests;
			productName = swiftUiIAPExampleTests;
			productReference = CE10E7F329FBA75800DB3B54 /* swiftUiIAPExampleTests.xctest */;
			productType = "com.apple.product-type.bundle.unit-test";
		};
		CE10E7FC29FBA75800DB3B54 /* swiftUiIAPExampleUITests */ = {
			isa = PBXNativeTarget;
			buildConfigurationList = CE10E80D29FBA75800DB3B54 /* Build configuration list for PBXNativeTarget "swiftUiIAPExampleUITests" */;
			buildPhases = (
				CE10E7F929FBA75800DB3B54 /* Sources */,
				CE10E7FA29FBA75800DB3B54 /* Frameworks */,
				CE10E7FB29FBA75800DB3B54 /* Resources */,
			);
			buildRules = (
			);
			dependencies = (
				CE10E7FF29FBA75800DB3B54 /* PBXTargetDependency */,
			);
			name = swiftUiIAPExampleUITests;
			productName = swiftUiIAPExampleUITests;
			productReference = CE10E7FD29FBA75800DB3B54 /* swiftUiIAPExampleUITests.xctest */;
			productType = "com.apple.product-type.bundle.ui-testing";
		};
/* End PBXNativeTarget section */

/* Begin PBXProject section */
		CE10E7DB29FBA75400DB3B54 /* Project object */ = {
			isa = PBXProject;
			attributes = {
				BuildIndependentTargetsInParallel = 1;
				LastSwiftUpdateCheck = 1420;
				LastUpgradeCheck = 1420;
				TargetAttributes = {
					CE10E7E229FBA75400DB3B54 = {
						CreatedOnToolsVersion = 14.2;
					};
					CE10E7F229FBA75800DB3B54 = {
						CreatedOnToolsVersion = 14.2;
						TestTargetID = CE10E7E229FBA75400DB3B54;
					};
					CE10E7FC29FBA75800DB3B54 = {
						CreatedOnToolsVersion = 14.2;
						TestTargetID = CE10E7E229FBA75400DB3B54;
					};
				};
			};
			buildConfigurationList = CE10E7DE29FBA75400DB3B54 /* Build configuration list for PBXProject "swiftUiIAPExample" */;
			compatibilityVersion = "Xcode 14.0";
			developmentRegion = en;
			hasScannedForEncodings = 0;
			knownRegions = (
				en,
				Base,
			);
			mainGroup = CE10E7DA29FBA75400DB3B54;
			productRefGroup = CE10E7E429FBA75400DB3B54 /* Products */;
			projectDirPath = "";
			projectRoot = "";
			targets = (
				CE10E7E229FBA75400DB3B54 /* swiftUiIAPExample */,
				CE10E7F229FBA75800DB3B54 /* swiftUiIAPExampleTests */,
				CE10E7FC29FBA75800DB3B54 /* swiftUiIAPExampleUITests */,
			);
		};
/* End PBXProject section */

/* Begin PBXResourcesBuildPhase section */
		CE10E7E129FBA75400DB3B54 /* Resources */ = {
			isa = PBXResourcesBuildPhase;
			buildActionMask = 2147483647;
			files = (
				CE10E7EE29FBA75700DB3B54 /* Preview Assets.xcassets in Resources */,
				CE10E7EB29FBA75700DB3B54 /* Assets.xcassets in Resources */,
			);
			runOnlyForDeploymentPostprocessing = 0;
		};
		CE10E7F129FBA75800DB3B54 /* Resources */ = {
			isa = PBXResourcesBuildPhase;
			buildActionMask = 2147483647;
			files = (
			);
			runOnlyForDeploymentPostprocessing = 0;
		};
		CE10E7FB29FBA75800DB3B54 /* Resources */ = {
			isa = PBXResourcesBuildPhase;
			buildActionMask = 2147483647;
			files = (
			);
			runOnlyForDeploymentPostprocessing = 0;
		};
/* End PBXResourcesBuildPhase section */

/* Begin PBXSourcesBuildPhase section */
		CE10E7DF29FBA75400DB3B54 /* Sources */ = {
			isa = PBXSourcesBuildPhase;
			buildActionMask = 2147483647;
			files = (
				CE10E81329FBA94D00DB3B54 /* StoreVM.swift in Sources */,
				CE10E81529FBC69E00DB3B54 /* SubscriptionView.swift in Sources */,
				CE10E7E929FBA75400DB3B54 /* ContentView.swift in Sources */,
				CE10E7E729FBA75400DB3B54 /* swiftUiIAPExampleApp.swift in Sources */,
			);
			runOnlyForDeploymentPostprocessing = 0;
		};
		CE10E7EF29FBA75800DB3B54 /* Sources */ = {
			isa = PBXSourcesBuildPhase;
			buildActionMask = 2147483647;
			files = (
				CE10E7F829FBA75800DB3B54 /* swiftUiIAPExampleTests.swift in Sources */,
			);
			runOnlyForDeploymentPostprocessing = 0;
		};
		CE10E7F929FBA75800DB3B54 /* Sources */ = {
			isa = PBXSourcesBuildPhase;
			buildActionMask = 2147483647;
			files = (
				CE10E80429FBA75800DB3B54 /* swiftUiIAPExampleUITestsLaunchTests.swift in Sources */,
				CE10E80229FBA75800DB3B54 /* swiftUiIAPExampleUITests.swift in Sources */,
			);
			runOnlyForDeploymentPostprocessing = 0;
		};
/* End PBXSourcesBuildPhase section */

/* Begin PBXTargetDependency section */
		CE10E7F529FBA75800DB3B54 /* PBXTargetDependency */ = {
			isa = PBXTargetDependency;
			target = CE10E7E229FBA75400DB3B54 /* swiftUiIAPExample */;
			targetProxy = CE10E7F429FBA75800DB3B54 /* PBXContainerItemProxy */;
		};
		CE10E7FF29FBA75800DB3B54 /* PBXTargetDependency */ = {
			isa = PBXTargetDependency;
			target = CE10E7E229FBA75400DB3B54 /* swiftUiIAPExample */;
			targetProxy = CE10E7FE29FBA75800DB3B54 /* PBXContainerItemProxy */;
		};
/* End PBXTargetDependency section */

/* Begin XCBuildConfiguration section */
		CE10E80529FBA75800DB3B54 /* Debug */ = {
			isa = XCBuildConfiguration;
			buildSettings = {
				ALWAYS_SEARCH_USER_PATHS = NO;
				CLANG_ANALYZER_NONNULL = YES;
				CLANG_ANALYZER_NUMBER_OBJECT_CONVERSION = YES_AGGRESSIVE;
				CLANG_CXX_LANGUAGE_STANDARD = "gnu++20";
				CLANG_ENABLE_MODULES = YES;
				CLANG_ENABLE_OBJC_ARC = YES;
				CLANG_ENABLE_OBJC_WEAK = YES;
				CLANG_WARN_BLOCK_CAPTURE_AUTORELEASING = YES;
				CLANG_WARN_BOOL_CONVERSION = YES;
				CLANG_WARN_COMMA = YES;
				CLANG_WARN_CONSTANT_CONVERSION = YES;
				CLANG_WARN_DEPRECATED_OBJC_IMPLEMENTATIONS = YES;
				CLANG_WARN_DIRECT_OBJC_ISA_USAGE = YES_ERROR;
				CLANG_WARN_DOCUMENTATION_COMMENTS = YES;
				CLANG_WARN_EMPTY_BODY = YES;
				CLANG_WARN_ENUM_CONVERSION = YES;
				CLANG_WARN_INFINITE_RECURSION = YES;
				CLANG_WARN_INT_CONVERSION = YES;
				CLANG_WARN_NON_LITERAL_NULL_CONVERSION = YES;
				CLANG_WARN_OBJC_IMPLICIT_RETAIN_SELF = YES;
				CLANG_WARN_OBJC_LITERAL_CONVERSION = YES;
				CLANG_WARN_OBJC_ROOT_CLASS = YES_ERROR;
				CLANG_WARN_QUOTED_INCLUDE_IN_FRAMEWORK_HEADER = YES;
				CLANG_WARN_RANGE_LOOP_ANALYSIS = YES;
				CLANG_WARN_STRICT_PROTOTYPES = YES;
				CLANG_WARN_SUSPICIOUS_MOVE = YES;
				CLANG_WARN_UNGUARDED_AVAILABILITY = YES_AGGRESSIVE;
				CLANG_WARN_UNREACHABLE_CODE = YES;
				CLANG_WARN__DUPLICATE_METHOD_MATCH = YES;
				COPY_PHASE_STRIP = NO;
				DEBUG_INFORMATION_FORMAT = dwarf;
				ENABLE_STRICT_OBJC_MSGSEND = YES;
				ENABLE_TESTABILITY = YES;
				GCC_C_LANGUAGE_STANDARD = gnu11;
				GCC_DYNAMIC_NO_PIC = NO;
				GCC_NO_COMMON_BLOCKS = YES;
				GCC_OPTIMIZATION_LEVEL = 0;
				GCC_PREPROCESSOR_DEFINITIONS = (
					"DEBUG=1",
					"$(inherited)",
				);
				GCC_WARN_64_TO_32_BIT_CONVERSION = YES;
				GCC_WARN_ABOUT_RETURN_TYPE = YES_ERROR;
				GCC_WARN_UNDECLARED_SELECTOR = YES;
				GCC_WARN_UNINITIALIZED_AUTOS = YES_AGGRESSIVE;
				GCC_WARN_UNUSED_FUNCTION = YES;
				GCC_WARN_UNUSED_VARIABLE = YES;
				IPHONEOS_DEPLOYMENT_TARGET = 16.2;
				MTL_ENABLE_DEBUG_INFO = INCLUDE_SOURCE;
				MTL_FAST_MATH = YES;
				ONLY_ACTIVE_ARCH = YES;
				SDKROOT = iphoneos;
				SWIFT_ACTIVE_COMPILATION_CONDITIONS = DEBUG;
				SWIFT_OPTIMIZATION_LEVEL = "-Onone";
			};
			name = Debug;
		};
		CE10E80629FBA75800DB3B54 /* Release */ = {
			isa = XCBuildConfiguration;
			buildSettings = {
				ALWAYS_SEARCH_USER_PATHS = NO;
				CLANG_ANALYZER_NONNULL = YES;
				CLANG_ANALYZER_NUMBER_OBJECT_CONVERSION = YES_AGGRESSIVE;
				CLANG_CXX_LANGUAGE_STANDARD = "gnu++20";
				CLANG_ENABLE_MODULES = YES;
				CLANG_ENABLE_OBJC_ARC = YES;
				CLANG_ENABLE_OBJC_WEAK = YES;
				CLANG_WARN_BLOCK_CAPTURE_AUTORELEASING = YES;
				CLANG_WARN_BOOL_CONVERSION = YES;
				CLANG_WARN_COMMA = YES;
				CLANG_WARN_CONSTANT_CONVERSION = YES;
				CLANG_WARN_DEPRECATED_OBJC_IMPLEMENTATIONS = YES;
				CLANG_WARN_DIRECT_OBJC_ISA_USAGE = YES_ERROR;
				CLANG_WARN_DOCUMENTATION_COMMENTS = YES;
				CLANG_WARN_EMPTY_BODY = YES;
				CLANG_WARN_ENUM_CONVERSION = YES;
				CLANG_WARN_INFINITE_RECURSION = YES;
				CLANG_WARN_INT_CONVERSION = YES;
				CLANG_WARN_NON_LITERAL_NULL_CONVERSION = YES;
				CLANG_WARN_OBJC_IMPLICIT_RETAIN_SELF = YES;
				CLANG_WARN_OBJC_LITERAL_CONVERSION = YES;
				CLANG_WARN_OBJC_ROOT_CLASS = YES_ERROR;
				CLANG_WARN_QUOTED_INCLUDE_IN_FRAMEWORK_HEADER = YES;
				CLANG_WARN_RANGE_LOOP_ANALYSIS = YES;
				CLANG_WARN_STRICT_PROTOTYPES = YES;
				CLANG_WARN_SUSPICIOUS_MOVE = YES;
				CLANG_WARN_UNGUARDED_AVAILABILITY = YES_AGGRESSIVE;
				CLANG_WARN_UNREACHABLE_CODE = YES;
				CLANG_WARN__DUPLICATE_METHOD_MATCH = YES;
				COPY_PHASE_STRIP = NO;
				DEBUG_INFORMATION_FORMAT = "dwarf-with-dsym";
				ENABLE_NS_ASSERTIONS = NO;
				ENABLE_STRICT_OBJC_MSGSEND = YES;
				GCC_C_LANGUAGE_STANDARD = gnu11;
				GCC_NO_COMMON_BLOCKS = YES;
				GCC_WARN_64_TO_32_BIT_CONVERSION = YES;
				GCC_WARN_ABOUT_RETURN_TYPE = YES_ERROR;
				GCC_WARN_UNDECLARED_SELECTOR = YES;
				GCC_WARN_UNINITIALIZED_AUTOS = YES_AGGRESSIVE;
				GCC_WARN_UNUSED_FUNCTION = YES;
				GCC_WARN_UNUSED_VARIABLE = YES;
				IPHONEOS_DEPLOYMENT_TARGET = 16.2;
				MTL_ENABLE_DEBUG_INFO = NO;
				MTL_FAST_MATH = YES;
				SDKROOT = iphoneos;
				SWIFT_COMPILATION_MODE = wholemodule;
				SWIFT_OPTIMIZATION_LEVEL = "-O";
				VALIDATE_PRODUCT = YES;
			};
			name = Release;
		};
		CE10E80829FBA75800DB3B54 /* Debug */ = {
			isa = XCBuildConfiguration;
			buildSettings = {
				ASSETCATALOG_COMPILER_APPICON_NAME = AppIcon;
				ASSETCATALOG_COMPILER_GLOBAL_ACCENT_COLOR_NAME = AccentColor;
				CODE_SIGN_STYLE = Automatic;
				CURRENT_PROJECT_VERSION = 1;
				DEVELOPMENT_ASSET_PATHS = "\"swiftUiIAPExample/Preview Content\"";
				DEVELOPMENT_TEAM = GJDD34W8Q6;
				ENABLE_PREVIEWS = YES;
				GENERATE_INFOPLIST_FILE = YES;
				INFOPLIST_KEY_UIApplicationSceneManifest_Generation = YES;
				INFOPLIST_KEY_UIApplicationSupportsIndirectInputEvents = YES;
				INFOPLIST_KEY_UILaunchScreen_Generation = YES;
				INFOPLIST_KEY_UISupportedInterfaceOrientations_iPad = "UIInterfaceOrientationPortrait UIInterfaceOrientationPortraitUpsideDown UIInterfaceOrientationLandscapeLeft UIInterfaceOrientationLandscapeRight";
				INFOPLIST_KEY_UISupportedInterfaceOrientations_iPhone = "UIInterfaceOrientationPortrait UIInterfaceOrientationLandscapeLeft UIInterfaceOrientationLandscapeRight";
				LD_RUNPATH_SEARCH_PATHS = (
					"$(inherited)",
					"@executable_path/Frameworks",
				);
				MARKETING_VERSION = 1.0;
				PRODUCT_BUNDLE_IDENTIFIER = com.rondigital.swiftUiIAPExample;
				PRODUCT_NAME = "$(TARGET_NAME)";
				SWIFT_EMIT_LOC_STRINGS = YES;
				SWIFT_VERSION = 5.0;
				TARGETED_DEVICE_FAMILY = "1,2";
			};
			name = Debug;
		};
		CE10E80929FBA75800DB3B54 /* Release */ = {
			isa = XCBuildConfiguration;
			buildSettings = {
				ASSETCATALOG_COMPILER_APPICON_NAME = AppIcon;
				ASSETCATALOG_COMPILER_GLOBAL_ACCENT_COLOR_NAME = AccentColor;
				CODE_SIGN_STYLE = Automatic;
				CURRENT_PROJECT_VERSION = 1;
				DEVELOPMENT_ASSET_PATHS = "\"swiftUiIAPExample/Preview Content\"";
				DEVELOPMENT_TEAM = GJDD34W8Q6;
				ENABLE_PREVIEWS = YES;
				GENERATE_INFOPLIST_FILE = YES;
				INFOPLIST_KEY_UIApplicationSceneManifest_Generation = YES;
				INFOPLIST_KEY_UIApplicationSupportsIndirectInputEvents = YES;
				INFOPLIST_KEY_UILaunchScreen_Generation = YES;
				INFOPLIST_KEY_UISupportedInterfaceOrientations_iPad = "UIInterfaceOrientationPortrait UIInterfaceOrientationPortraitUpsideDown UIInterfaceOrientationLandscapeLeft UIInterfaceOrientationLandscapeRight";
				INFOPLIST_KEY_UISupportedInterfaceOrientations_iPhone = "UIInterfaceOrientationPortrait UIInterfaceOrientationLandscapeLeft UIInterfaceOrientationLandscapeRight";
				LD_RUNPATH_SEARCH_PATHS = (
					"$(inherited)",
					"@executable_path/Frameworks",
				);
				MARKETING_VERSION = 1.0;
				PRODUCT_BUNDLE_IDENTIFIER = com.rondigital.swiftUiIAPExample;
				PRODUCT_NAME = "$(TARGET_NAME)";
				SWIFT_EMIT_LOC_STRINGS = YES;
				SWIFT_VERSION = 5.0;
				TARGETED_DEVICE_FAMILY = "1,2";
			};
			name = Release;
		};
		CE10E80B29FBA75800DB3B54 /* Debug */ = {
			isa = XCBuildConfiguration;
			buildSettings = {
				ALWAYS_EMBED_SWIFT_STANDARD_LIBRARIES = YES;
				BUNDLE_LOADER = "$(TEST_HOST)";
				CODE_SIGN_STYLE = Automatic;
				CURRENT_PROJECT_VERSION = 1;
				DEVELOPMENT_TEAM = GJDD34W8Q6;
				GENERATE_INFOPLIST_FILE = YES;
				IPHONEOS_DEPLOYMENT_TARGET = 16.2;
				MARKETING_VERSION = 1.0;
				PRODUCT_BUNDLE_IDENTIFIER = com.rondigital.swiftUiIAPExampleTests;
				PRODUCT_NAME = "$(TARGET_NAME)";
				SWIFT_EMIT_LOC_STRINGS = NO;
				SWIFT_VERSION = 5.0;
				TARGETED_DEVICE_FAMILY = "1,2";
				TEST_HOST = "$(BUILT_PRODUCTS_DIR)/swiftUiIAPExample.app/$(BUNDLE_EXECUTABLE_FOLDER_PATH)/swiftUiIAPExample";
			};
			name = Debug;
		};
		CE10E80C29FBA75800DB3B54 /* Release */ = {
			isa = XCBuildConfiguration;
			buildSettings = {
				ALWAYS_EMBED_SWIFT_STANDARD_LIBRARIES = YES;
				BUNDLE_LOADER = "$(TEST_HOST)";
				CODE_SIGN_STYLE = Automatic;
				CURRENT_PROJECT_VERSION = 1;
				DEVELOPMENT_TEAM = GJDD34W8Q6;
				GENERATE_INFOPLIST_FILE = YES;
				IPHONEOS_DEPLOYMENT_TARGET = 16.2;
				MARKETING_VERSION = 1.0;
				PRODUCT_BUNDLE_IDENTIFIER = com.rondigital.swiftUiIAPExampleTests;
				PRODUCT_NAME = "$(TARGET_NAME)";
				SWIFT_EMIT_LOC_STRINGS = NO;
				SWIFT_VERSION = 5.0;
				TARGETED_DEVICE_FAMILY = "1,2";
				TEST_HOST = "$(BUILT_PRODUCTS_DIR)/swiftUiIAPExample.app/$(BUNDLE_EXECUTABLE_FOLDER_PATH)/swiftUiIAPExample";
			};
			name = Release;
		};
		CE10E80E29FBA75800DB3B54 /* Debug */ = {
			isa = XCBuildConfiguration;
			buildSettings = {
				ALWAYS_EMBED_SWIFT_STANDARD_LIBRARIES = YES;
				CODE_SIGN_STYLE = Automatic;
				CURRENT_PROJECT_VERSION = 1;
				DEVELOPMENT_TEAM = GJDD34W8Q6;
				GENERATE_INFOPLIST_FILE = YES;
				MARKETING_VERSION = 1.0;
				PRODUCT_BUNDLE_IDENTIFIER = com.rondigital.swiftUiIAPExampleUITests;
				PRODUCT_NAME = "$(TARGET_NAME)";
				SWIFT_EMIT_LOC_STRINGS = NO;
				SWIFT_VERSION = 5.0;
				TARGETED_DEVICE_FAMILY = "1,2";
				TEST_TARGET_NAME = swiftUiIAPExample;
			};
			name = Debug;
		};
		CE10E80F29FBA75800DB3B54 /* Release */ = {
			isa = XCBuildConfiguration;
			buildSettings = {
				ALWAYS_EMBED_SWIFT_STANDARD_LIBRARIES = YES;
				CODE_SIGN_STYLE = Automatic;
				CURRENT_PROJECT_VERSION = 1;
				DEVELOPMENT_TEAM = GJDD34W8Q6;
				GENERATE_INFOPLIST_FILE = YES;
				MARKETING_VERSION = 1.0;
				PRODUCT_BUNDLE_IDENTIFIER = com.rondigital.swiftUiIAPExampleUITests;
				PRODUCT_NAME = "$(TARGET_NAME)";
				SWIFT_EMIT_LOC_STRINGS = NO;
				SWIFT_VERSION = 5.0;
				TARGETED_DEVICE_FAMILY = "1,2";
				TEST_TARGET_NAME = swiftUiIAPExample;
			};
			name = Release;
		};
/* End XCBuildConfiguration section */

/* Begin XCConfigurationList section */
		CE10E7DE29FBA75400DB3B54 /* Build configuration list for PBXProject "swiftUiIAPExample" */ = {
			isa = XCConfigurationList;
			buildConfigurations = (
				CE10E80529FBA75800DB3B54 /* Debug */,
				CE10E80629FBA75800DB3B54 /* Release */,
			);
			defaultConfigurationIsVisible = 0;
			defaultConfigurationName = Release;
		};
		CE10E80729FBA75800DB3B54 /* Build configuration list for PBXNativeTarget "swiftUiIAPExample" */ = {
			isa = XCConfigurationList;
			buildConfigurations = (
				CE10E80829FBA75800DB3B54 /* Debug */,
				CE10E80929FBA75800DB3B54 /* Release */,
			);
			defaultConfigurationIsVisible = 0;
			defaultConfigurationName = Release;
		};
		CE10E80A29FBA75800DB3B54 /* Build configuration list for PBXNativeTarget "swiftUiIAPExampleTests" */ = {
			isa = XCConfigurationList;
			buildConfigurations = (
				CE10E80B29FBA75800DB3B54 /* Debug */,
				CE10E80C29FBA75800DB3B54 /* Release */,
			);
			defaultConfigurationIsVisible = 0;
			defaultConfigurationName = Release;
		};
		CE10E80D29FBA75800DB3B54 /* Build configuration list for PBXNativeTarget "swiftUiIAPExampleUITests" */ = {
			isa = XCConfigurationList;
			buildConfigurations = (
				CE10E80E29FBA75800DB3B54 /* Debug */,
				CE10E80F29FBA75800DB3B54 /* Release */,
			);
			defaultConfigurationIsVisible = 0;
			defaultConfigurationName = Release;
		};
/* End XCConfigurationList section */
	};
	rootObject = CE10E7DB29FBA75400DB3B54 /* Project object */;
}
